
Microsoft Visual Studio Solution File, Format Version 12.00
# Visual Studio Version 17
VisualStudioVersion = 17.10.34928.147
MinimumVisualStudioVersion = 10.0.40219.1
Project("{FAE04EC0-301F-11D3-BF4B-00C04F79EFBC}") = "VehicleManagement.Service", "VehicleManagement.Service\VehicleManagement.Service.csproj", "{4EACE56C-F6E9-433E-B7B0-F34858C20D83}"
EndProject
Project("{FAE04EC0-301F-11D3-BF4B-00C04F79EFBC}") = "VehicleManagement.MVC", "VehicleManagement.MVC\VehicleManagement.MVC.csproj", "{7749C7CC-72DD-4AFA-9A8E-010CADF6374C}"
EndProject
Global
	GlobalSection(SolutionConfigurationPlatforms) = preSolution
		Debug|Any CPU = Debug|Any CPU
		Release|Any CPU = Release|Any CPU
	EndGlobalSection
	GlobalSection(ProjectConfigurationPlatforms) = postSolution
		{4EACE56C-F6E9-433E-B7B0-F34858C20D83}.Debug|Any CPU.ActiveCfg = Debug|Any CPU
		{4EACE56C-F6E9-433E-B7B0-F34858C20D83}.Debug|Any CPU.Build.0 = Debug|Any CPU
		{4EACE56C-F6E9-433E-B7B0-F34858C20D83}.Release|Any CPU.ActiveCfg = Release|Any CPU
		{4EACE56C-F6E9-433E-B7B0-F34858C20D83}.Release|Any CPU.Build.0 = Release|Any CPU
		{7749C7CC-72DD-4AFA-9A8E-010CADF6374C}.Debug|Any CPU.ActiveCfg = Debug|Any CPU
		{7749C7CC-72DD-4AFA-9A8E-010CADF6374C}.Debug|Any CPU.Build.0 = Debug|Any CPU
		{7749C7CC-72DD-4AFA-9A8E-010CADF6374C}.Release|Any CPU.ActiveCfg = Release|Any CPU
		{7749C7CC-72DD-4AFA-9A8E-010CADF6374C}.Release|Any CPU.Build.0 = Release|Any CPU
	EndGlobalSection
	GlobalSection(SolutionProperties) = preSolution
		HideSolutionNode = FALSE
	EndGlobalSection
	GlobalSection(ExtensibilityGlobals) = postSolution
		SolutionGuid = {4D272806-B38C-4E83-9765-1B2A7D3EF4A0}
	EndGlobalSection
EndGlobal
